// !$*UTF8*$!
{
	archiveVersion = 1;
	classes = {
	};
	objectVersion = 77;
	objects = {

/* Begin PBXBuildFile section */
		F9B83B892F035EB6003B0CB4 /* FirebaseCore in Frameworks */ = {isa = PBXBuildFile; productRef = F9B83B882F035EB6003B0CB4 /* FirebaseCore */; };
		F9B83B8B2F035EC1003B0CB4 /* FirebaseFirestore in Frameworks */ = {isa = PBXBuildFile; productRef = F9B83B8A2F035EC1003B0CB4 /* FirebaseFirestore */; };
/* End PBXBuildFile section */

/* Begin PBXContainerItemProxy section */
		F92854192F02DF7800AEB100 /* PBXContainerItemProxy */ = {
			isa = PBXContainerItemProxy;
			containerPortal = F92854032F02DF7600AEB100 /* Project object */;
			proxyType = 1;
			remoteGlobalIDString = F928540A2F02DF7600AEB100;
			remoteInfo = "DrinkMate AI";
		};
		F92854232F02DF7800AEB100 /* PBXContainerItemProxy */ = {
			isa = PBXContainerItemProxy;
			containerPortal = F92854032F02DF7600AEB100 /* Project object */;
			proxyType = 1;
			remoteGlobalIDString = F928540A2F02DF7600AEB100;
			remoteInfo = "DrinkMate AI";
		};
/* End PBXContainerItemProxy section */

/* Begin PBXFileReference section */
		F928540B2F02DF7600AEB100 /* DrinkMate AI.app */ = {isa = PBXFileReference; explicitFileType = wrapper.application; includeInIndex = 0; path = "DrinkMate AI.app"; sourceTree = BUILT_PRODUCTS_DIR; };
		F92854182F02DF7800AEB100 /* DrinkMate AITests.xctest */ = {isa = PBXFileReference; explicitFileType = wrapper.cfbundle; includeInIndex = 0; path = "DrinkMate AITests.xctest"; sourceTree = BUILT_PRODUCTS_DIR; };
		F92854222F02DF7800AEB100 /* DrinkMate AIUITests.xctest */ = {isa = PBXFileReference; explicitFileType = wrapper.cfbundle; includeInIndex = 0; path = "DrinkMate AIUITests.xctest"; sourceTree = BUILT_PRODUCTS_DIR; };
/* End PBXFileReference section */

/* Begin PBXFileSystemSynchronizedRootGroup section */
		F928540D2F02DF7600AEB100 /* DrinkMate AI */ = {
			isa = PBXFileSystemSynchronizedRootGroup;
			path = "DrinkMate AI";
			sourceTree = "<group>";
		};
		F928541B2F02DF7800AEB100 /* DrinkMate AITests */ = {
			isa = PBXFileSystemSynchronizedRootGroup;
			path = "DrinkMate AITests";
			sourceTree = "<group>";
		};
		F92854252F02DF7800AEB100 /* DrinkMate AIUITests */ = {
			isa = PBXFileSystemSynchronizedRootGroup;
			path = "DrinkMate AIUITests";
			sourceTree = "<group>";
		};
/* End PBXFileSystemSynchronizedRootGroup section */

/* Begin PBXFrameworksBuildPhase section */
		F92854082F02DF7600AEB100 /* Frameworks */ = {
			isa = PBXFrameworksBuildPhase;
			buildActionMask = 2147483647;
			files = (
				F9B83B892F035EB6003B0CB4 /* FirebaseCore in Frameworks */,
				F9B83B8B2F035EC1003B0CB4 /* FirebaseFirestore in Frameworks */,
			);
			runOnlyForDeploymentPostprocessing = 0;
		};
		F92854152F02DF7800AEB100 /* Frameworks */ = {
			isa = PBXFrameworksBuildPhase;
			buildActionMask = 2147483647;
			files = (
			);
			runOnlyForDeploymentPostprocessing = 0;
		};
		F928541F2F02DF7800AEB100 /* Frameworks */ = {
			isa = PBXFrameworksBuildPhase;
			buildActionMask = 2147483647;
			files = (
			);
			runOnlyForDeploymentPostprocessing = 0;
		};
/* End PBXFrameworksBuildPhase section */

/* Begin PBXGroup section */
		F92854022F02DF7600AEB100 = {
			isa = PBXGroup;
			children = (
				F928540D2F02DF7600AEB100 /* DrinkMate AI */,
				F928541B2F02DF7800AEB100 /* DrinkMate AITests */,
				F92854252F02DF7800AEB100 /* DrinkMate AIUITests */,
				F9B83B872F035EB6003B0CB4 /* Frameworks */,
				F928540C2F02DF7600AEB100 /* Products */,
			);
			sourceTree = "<group>";
		};
		F928540C2F02DF7600AEB100 /* Products */ = {
			isa = PBXGroup;
			children = (
				F928540B2F02DF7600AEB100 /* DrinkMate AI.app */,
				F92854182F02DF7800AEB100 /* DrinkMate AITests.xctest */,
				F92854222F02DF7800AEB100 /* DrinkMate AIUITests.xctest */,
			);
			name = Products;
			sourceTree = "<group>";
		};
		F9B83B872F035EB6003B0CB4 /* Frameworks */ = {
			isa = PBXGroup;
			children = (
			);
			name = Frameworks;
			sourceTree = "<group>";
		};
/* End PBXGroup section */

/* Begin PBXNativeTarget section */
		F928540A2F02DF7600AEB100 /* DrinkMate AI */ = {
			isa = PBXNativeTarget;
			buildConfigurationList = F928542C2F02DF7800AEB100 /* Build configuration list for PBXNativeTarget "DrinkMate AI" */;
			buildPhases = (
				F92854072F02DF7600AEB100 /* Sources */,
				F92854082F02DF7600AEB100 /* Frameworks */,
				F92854092F02DF7600AEB100 /* Resources */,
			);
			buildRules = (
			);
			dependencies = (
			);
			fileSystemSynchronizedGroups = (
				F928540D2F02DF7600AEB100 /* DrinkMate AI */,
			);
			name = "DrinkMate AI";
			packageProductDependencies = (
				F9B83B882F035EB6003B0CB4 /* FirebaseCore */,
				F9B83B8A2F035EC1003B0CB4 /* FirebaseFirestore */,
			);
			productName = "DrinkMate AI";
			productReference = F928540B2F02DF7600AEB100 /* DrinkMate AI.app */;
			productType = "com.apple.product-type.application";
		};
		F92854172F02DF7800AEB100 /* DrinkMate AITests */ = {
			isa = PBXNativeTarget;
			buildConfigurationList = F928542F2F02DF7800AEB100 /* Build configuration list for PBXNativeTarget "DrinkMate AITests" */;
			buildPhases = (
				F92854142F02DF7800AEB100 /* Sources */,
				F92854152F02DF7800AEB100 /* Frameworks */,
				F92854162F02DF7800AEB100 /* Resources */,
			);
			buildRules = (
			);
			dependencies = (
				F928541A2F02DF7800AEB100 /* PBXTargetDependency */,
			);
			fileSystemSynchronizedGroups = (
				F928541B2F02DF7800AEB100 /* DrinkMate AITests */,
			);
			name = "DrinkMate AITests";
			packageProductDependencies = (
			);
			productName = "DrinkMate AITests";
			productReference = F92854182F02DF7800AEB100 /* DrinkMate AITests.xctest */;
			productType = "com.apple.product-type.bundle.unit-test";
		};
		F92854212F02DF7800AEB100 /* DrinkMate AIUITests */ = {
			isa = PBXNativeTarget;
			buildConfigurationList = F92854322F02DF7800AEB100 /* Build configuration list for PBXNativeTarget "DrinkMate AIUITests" */;
			buildPhases = (
				F928541E2F02DF7800AEB100 /* Sources */,
				F928541F2F02DF7800AEB100 /* Frameworks */,
				F92854202F02DF7800AEB100 /* Resources */,
			);
			buildRules = (
			);
			dependencies = (
				F92854242F02DF7800AEB100 /* PBXTargetDependency */,
			);
			fileSystemSynchronizedGroups = (
				F92854252F02DF7800AEB100 /* DrinkMate AIUITests */,
			);
			name = "DrinkMate AIUITests";
			packageProductDependencies = (
			);
			productName = "DrinkMate AIUITests";
			productReference = F92854222F02DF7800AEB100 /* DrinkMate AIUITests.xctest */;
			productType = "com.apple.product-type.bundle.ui-testing";
		};
/* End PBXNativeTarget section */

/* Begin PBXProject section */
		F92854032F02DF7600AEB100 /* Project object */ = {
			isa = PBXProject;
			attributes = {
				BuildIndependentTargetsInParallel = 1;
				LastSwiftUpdateCheck = 2600;
				LastUpgradeCheck = 2600;
				TargetAttributes = {
					F928540A2F02DF7600AEB100 = {
						CreatedOnToolsVersion = 26.0.1;
					};
					F92854172F02DF7800AEB100 = {
						CreatedOnToolsVersion = 26.0.1;
						TestTargetID = F928540A2F02DF7600AEB100;
					};
					F92854212F02DF7800AEB100 = {
						CreatedOnToolsVersion = 26.0.1;
						TestTargetID = F928540A2F02DF7600AEB100;
					};
				};
			};
			buildConfigurationList = F92854062F02DF7600AEB100 /* Build configuration list for PBXProject "DrinkMate AI" */;
			developmentRegion = en;
			hasScannedForEncodings = 0;
			knownRegions = (
				en,
				Base,
			);
			mainGroup = F92854022F02DF7600AEB100;
			minimizedProjectReferenceProxies = 1;
			packageReferences = (
				F9B83B822F034AE7003B0CB4 /* XCRemoteSwiftPackageReference "firebase-ios-sdk" */,
			);
			preferredProjectObjectVersion = 77;
			productRefGroup = F928540C2F02DF7600AEB100 /* Products */;
			projectDirPath = "";
			projectRoot = "";
			targets = (
				F928540A2F02DF7600AEB100 /* DrinkMate AI */,
				F92854172F02DF7800AEB100 /* DrinkMate AITests */,
				F92854212F02DF7800AEB100 /* DrinkMate AIUITests */,
			);
		};
/* End PBXProject section */

/* Begin PBXResourcesBuildPhase section */
		F92854092F02DF7600AEB100 /* Resources */ = {
			isa = PBXResourcesBuildPhase;
			buildActionMask = 2147483647;
			files = (
			);
			runOnlyForDeploymentPostprocessing = 0;
		};
		F92854162F02DF7800AEB100 /* Resources */ = {
			isa = PBXResourcesBuildPhase;
			buildActionMask = 2147483647;
			files = (
			);
			runOnlyForDeploymentPostprocessing = 0;
		};
		F92854202F02DF7800AEB100 /* Resources */ = {
			isa = PBXResourcesBuildPhase;
			buildActionMask = 2147483647;
			files = (
			);
			runOnlyForDeploymentPostprocessing = 0;
		};
/* End PBXResourcesBuildPhase section */

/* Begin PBXSourcesBuildPhase section */
		F92854072F02DF7600AEB100 /* Sources */ = {
			isa = PBXSourcesBuildPhase;
			buildActionMask = 2147483647;
			files = (
			);
			runOnlyForDeploymentPostprocessing = 0;
		};
		F92854142F02DF7800AEB100 /* Sources */ = {
			isa = PBXSourcesBuildPhase;
			buildActionMask = 2147483647;
			files = (
			);
			runOnlyForDeploymentPostprocessing = 0;
		};
		F928541E2F02DF7800AEB100 /* Sources */ = {
			isa = PBXSourcesBuildPhase;
			buildActionMask = 2147483647;
			files = (
			);
			runOnlyForDeploymentPostprocessing = 0;
		};
/* End PBXSourcesBuildPhase section */

/* Begin PBXTargetDependency section */
		F928541A2F02DF7800AEB100 /* PBXTargetDependency */ = {
			isa = PBXTargetDependency;
			target = F928540A2F02DF7600AEB100 /* DrinkMate AI */;
			targetProxy = F92854192F02DF7800AEB100 /* PBXContainerItemProxy */;
		};
		F92854242F02DF7800AEB100 /* PBXTargetDependency */ = {
			isa = PBXTargetDependency;
			target = F928540A2F02DF7600AEB100 /* DrinkMate AI */;
			targetProxy = F92854232F02DF7800AEB100 /* PBXContainerItemProxy */;
		};
/* End PBXTargetDependency section */

/* Begin XCBuildConfiguration section */
		F928542A2F02DF7800AEB100 /* Debug */ = {
			isa = XCBuildConfiguration;
			buildSettings = {
				ALWAYS_SEARCH_USER_PATHS = NO;
				ASSETCATALOG_COMPILER_GENERATE_SWIFT_ASSET_SYMBOL_EXTENSIONS = YES;
				CLANG_ANALYZER_NONNULL = YES;
				CLANG_ANALYZER_NUMBER_OBJECT_CONVERSION = YES_AGGRESSIVE;
				CLANG_CXX_LANGUAGE_STANDARD = "gnu++20";
				CLANG_ENABLE_MODULES = YES;
				CLANG_ENABLE_OBJC_ARC = YES;
				CLANG_ENABLE_OBJC_WEAK = YES;
				CLANG_WARN_BLOCK_CAPTURE_AUTORELEASING = YES;
				CLANG_WARN_BOOL_CONVERSION = YES;
				CLANG_WARN_COMMA = YES;
				CLANG_WARN_CONSTANT_CONVERSION = YES;
				CLANG_WARN_DEPRECATED_OBJC_IMPLEMENTATIONS = YES;
				CLANG_WARN_DIRECT_OBJC_ISA_USAGE = YES_ERROR;
				CLANG_WARN_DOCUMENTATION_COMMENTS = YES;
				CLANG_WARN_EMPTY_BODY = YES;
				CLANG_WARN_ENUM_CONVERSION = YES;
				CLANG_WARN_INFINITE_RECURSION = YES;
				CLANG_WARN_INT_CONVERSION = YES;
				CLANG_WARN_NON_LITERAL_NULL_CONVERSION = YES;
				CLANG_WARN_OBJC_IMPLICIT_RETAIN_SELF = YES;
				CLANG_WARN_OBJC_LITERAL_CONVERSION = YES;
				CLANG_WARN_OBJC_ROOT_CLASS = YES_ERROR;
				CLANG_WARN_QUOTED_INCLUDE_IN_FRAMEWORK_HEADER = YES;
				CLANG_WARN_RANGE_LOOP_ANALYSIS = YES;
				CLANG_WARN_STRICT_PROTOTYPES = YES;
				CLANG_WARN_SUSPICIOUS_MOVE = YES;
				CLANG_WARN_UNGUARDED_AVAILABILITY = YES_AGGRESSIVE;
				CLANG_WARN_UNREACHABLE_CODE = YES;
				CLANG_WARN__DUPLICATE_METHOD_MATCH = YES;
				COPY_PHASE_STRIP = NO;
				DEBUG_INFORMATION_FORMAT = dwarf;
				DEVELOPMENT_TEAM = 6JFDU3Q7CU;
				ENABLE_STRICT_OBJC_MSGSEND = YES;
				ENABLE_TESTABILITY = YES;
				ENABLE_USER_SCRIPT_SANDBOXING = YES;
				GCC_C_LANGUAGE_STANDARD = gnu17;
				GCC_DYNAMIC_NO_PIC = NO;
				GCC_NO_COMMON_BLOCKS = YES;
				GCC_OPTIMIZATION_LEVEL = 0;
				GCC_PREPROCESSOR_DEFINITIONS = (
					"DEBUG=1",
					"$(inherited)",
				);
				GCC_WARN_64_TO_32_BIT_CONVERSION = YES;
				GCC_WARN_ABOUT_RETURN_TYPE = YES_ERROR;
				GCC_WARN_UNDECLARED_SELECTOR = YES;
				GCC_WARN_UNINITIALIZED_AUTOS = YES_AGGRESSIVE;
				GCC_WARN_UNUSED_FUNCTION = YES;
				GCC_WARN_UNUSED_VARIABLE = YES;
				IPHONEOS_DEPLOYMENT_TARGET = 26.0;
				LOCALIZATION_PREFERS_STRING_CATALOGS = YES;
				MTL_ENABLE_DEBUG_INFO = INCLUDE_SOURCE;
				MTL_FAST_MATH = YES;
				ONLY_ACTIVE_ARCH = YES;
				SDKROOT = iphoneos;
				SWIFT_ACTIVE_COMPILATION_CONDITIONS = "DEBUG $(inherited)";
				SWIFT_OPTIMIZATION_LEVEL = "-Onone";
			};
			name = Debug;
		};
		F928542B2F02DF7800AEB100 /* Release */ = {
			isa = XCBuildConfiguration;
			buildSettings = {
				ALWAYS_SEARCH_USER_PATHS = NO;
				ASSETCATALOG_COMPILER_GENERATE_SWIFT_ASSET_SYMBOL_EXTENSIONS = YES;
				CLANG_ANALYZER_NONNULL = YES;
				CLANG_ANALYZER_NUMBER_OBJECT_CONVERSION = YES_AGGRESSIVE;
				CLANG_CXX_LANGUAGE_STANDARD = "gnu++20";
				CLANG_ENABLE_MODULES = YES;
				CLANG_ENABLE_OBJC_ARC = YES;
				CLANG_ENABLE_OBJC_WEAK = YES;
				CLANG_WARN_BLOCK_CAPTURE_AUTORELEASING = YES;
				CLANG_WARN_BOOL_CONVERSION = YES;
				CLANG_WARN_COMMA = YES;
				CLANG_WARN_CONSTANT_CONVERSION = YES;
				CLANG_WARN_DEPRECATED_OBJC_IMPLEMENTATIONS = YES;
				CLANG_WARN_DIRECT_OBJC_ISA_USAGE = YES_ERROR;
				CLANG_WARN_DOCUMENTATION_COMMENTS = YES;
				CLANG_WARN_EMPTY_BODY = YES;
				CLANG_WARN_ENUM_CONVERSION = YES;
				CLANG_WARN_INFINITE_RECURSION = YES;
				CLANG_WARN_INT_CONVERSION = YES;
				CLANG_WARN_NON_LITERAL_NULL_CONVERSION = YES;
				CLANG_WARN_OBJC_IMPLICIT_RETAIN_SELF = YES;
				CLANG_WARN_OBJC_LITERAL_CONVERSION = YES;
				CLANG_WARN_OBJC_ROOT_CLASS = YES_ERROR;
				CLANG_WARN_QUOTED_INCLUDE_IN_FRAMEWORK_HEADER = YES;
				CLANG_WARN_RANGE_LOOP_ANALYSIS = YES;
				CLANG_WARN_STRICT_PROTOTYPES = YES;
				CLANG_WARN_SUSPICIOUS_MOVE = YES;
				CLANG_WARN_UNGUARDED_AVAILABILITY = YES_AGGRESSIVE;
				CLANG_WARN_UNREACHABLE_CODE = YES;
				CLANG_WARN__DUPLICATE_METHOD_MATCH = YES;
				COPY_PHASE_STRIP = NO;
				DEBUG_INFORMATION_FORMAT = "dwarf-with-dsym";
				DEVELOPMENT_TEAM = 6JFDU3Q7CU;
				ENABLE_NS_ASSERTIONS = NO;
				ENABLE_STRICT_OBJC_MSGSEND = YES;
				ENABLE_USER_SCRIPT_SANDBOXING = YES;
				GCC_C_LANGUAGE_STANDARD = gnu17;
				GCC_NO_COMMON_BLOCKS = YES;
				GCC_WARN_64_TO_32_BIT_CONVERSION = YES;
				GCC_WARN_ABOUT_RETURN_TYPE = YES_ERROR;
				GCC_WARN_UNDECLARED_SELECTOR = YES;
				GCC_WARN_UNINITIALIZED_AUTOS = YES_AGGRESSIVE;
				GCC_WARN_UNUSED_FUNCTION = YES;
				GCC_WARN_UNUSED_VARIABLE = YES;
				IPHONEOS_DEPLOYMENT_TARGET = 26.0;
				LOCALIZATION_PREFERS_STRING_CATALOGS = YES;
				MTL_ENABLE_DEBUG_INFO = NO;
				MTL_FAST_MATH = YES;
				SDKROOT = iphoneos;
				SWIFT_COMPILATION_MODE = wholemodule;
				VALIDATE_PRODUCT = YES;
			};
			name = Release;
		};
		F928542D2F02DF7800AEB100 /* Debug */ = {
			isa = XCBuildConfiguration;
			buildSettings = {
				ASSETCATALOG_COMPILER_APPICON_NAME = AppIcon;
				ASSETCATALOG_COMPILER_GLOBAL_ACCENT_COLOR_NAME = AccentColor;
				CODE_SIGN_STYLE = Automatic;
				CURRENT_PROJECT_VERSION = 1;
				DEVELOPMENT_TEAM = 6JFDU3Q7CU;
				ENABLE_PREVIEWS = YES;
				GENERATE_INFOPLIST_FILE = YES;
				INFOPLIST_KEY_UIApplicationSceneManifest_Generation = YES;
				INFOPLIST_KEY_UIApplicationSupportsIndirectInputEvents = YES;
				INFOPLIST_KEY_UILaunchScreen_Generation = YES;
				INFOPLIST_KEY_UISupportedInterfaceOrientations_iPad = "UIInterfaceOrientationPortrait UIInterfaceOrientationPortraitUpsideDown UIInterfaceOrientationLandscapeLeft UIInterfaceOrientationLandscapeRight";
				INFOPLIST_KEY_UISupportedInterfaceOrientations_iPhone = "UIInterfaceOrientationPortrait UIInterfaceOrientationLandscapeLeft UIInterfaceOrientationLandscapeRight";
				LD_RUNPATH_SEARCH_PATHS = (
					"$(inherited)",
					"@executable_path/Frameworks",
				);
				MARKETING_VERSION = 1.0;
				PRODUCT_BUNDLE_IDENTIFIER = "com.beni.DrinkMate-AI";
				PRODUCT_NAME = "$(TARGET_NAME)";
				STRING_CATALOG_GENERATE_SYMBOLS = YES;
				SWIFT_APPROACHABLE_CONCURRENCY = YES;
				SWIFT_DEFAULT_ACTOR_ISOLATION = MainActor;
				SWIFT_EMIT_LOC_STRINGS = YES;
				SWIFT_UPCOMING_FEATURE_MEMBER_IMPORT_VISIBILITY = YES;
				SWIFT_VERSION = 5.0;
				TARGETED_DEVICE_FAMILY = "1,2";
			};
			name = Debug;
		};
		F928542E2F02DF7800AEB100 /* Release */ = {
			isa = XCBuildConfiguration;
			buildSettings = {
				ASSETCATALOG_COMPILER_APPICON_NAME = AppIcon;
				ASSETCATALOG_COMPILER_GLOBAL_ACCENT_COLOR_NAME = AccentColor;
				CODE_SIGN_STYLE = Automatic;
				CURRENT_PROJECT_VERSION = 1;
				DEVELOPMENT_TEAM = 6JFDU3Q7CU;
				ENABLE_PREVIEWS = YES;
				GENERATE_INFOPLIST_FILE = YES;
				INFOPLIST_KEY_UIApplicationSceneManifest_Generation = YES;
				INFOPLIST_KEY_UIApplicationSupportsIndirectInputEvents = YES;
				INFOPLIST_KEY_UILaunchScreen_Generation = YES;
				INFOPLIST_KEY_UISupportedInterfaceOrientations_iPad = "UIInterfaceOrientationPortrait UIInterfaceOrientationPortraitUpsideDown UIInterfaceOrientationLandscapeLeft UIInterfaceOrientationLandscapeRight";
				INFOPLIST_KEY_UISupportedInterfaceOrientations_iPhone = "UIInterfaceOrientationPortrait UIInterfaceOrientationLandscapeLeft UIInterfaceOrientationLandscapeRight";
				LD_RUNPATH_SEARCH_PATHS = (
					"$(inherited)",
					"@executable_path/Frameworks",
				);
				MARKETING_VERSION = 1.0;
				PRODUCT_BUNDLE_IDENTIFIER = "com.beni.DrinkMate-AI";
				PRODUCT_NAME = "$(TARGET_NAME)";
				STRING_CATALOG_GENERATE_SYMBOLS = YES;
				SWIFT_APPROACHABLE_CONCURRENCY = YES;
				SWIFT_DEFAULT_ACTOR_ISOLATION = MainActor;
				SWIFT_EMIT_LOC_STRINGS = YES;
				SWIFT_UPCOMING_FEATURE_MEMBER_IMPORT_VISIBILITY = YES;
				SWIFT_VERSION = 5.0;
				TARGETED_DEVICE_FAMILY = "1,2";
			};
			name = Release;
		};
		F92854302F02DF7800AEB100 /* Debug */ = {
			isa = XCBuildConfiguration;
			buildSettings = {
				BUNDLE_LOADER = "$(TEST_HOST)";
				CODE_SIGN_STYLE = Automatic;
				CURRENT_PROJECT_VERSION = 1;
				DEVELOPMENT_TEAM = 6JFDU3Q7CU;
				GENERATE_INFOPLIST_FILE = YES;
				IPHONEOS_DEPLOYMENT_TARGET = 26.0;
				MARKETING_VERSION = 1.0;
				PRODUCT_BUNDLE_IDENTIFIER = "com.beni.DrinkMate-AITests";
				PRODUCT_NAME = "$(TARGET_NAME)";
				STRING_CATALOG_GENERATE_SYMBOLS = NO;
				SWIFT_APPROACHABLE_CONCURRENCY = YES;
				SWIFT_EMIT_LOC_STRINGS = NO;
				SWIFT_UPCOMING_FEATURE_MEMBER_IMPORT_VISIBILITY = YES;
				SWIFT_VERSION = 5.0;
				TARGETED_DEVICE_FAMILY = "1,2";
				TEST_HOST = "$(BUILT_PRODUCTS_DIR)/DrinkMate AI.app/$(BUNDLE_EXECUTABLE_FOLDER_PATH)/DrinkMate AI";
			};
			name = Debug;
		};
		F92854312F02DF7800AEB100 /* Release */ = {
			isa = XCBuildConfiguration;
			buildSettings = {
				BUNDLE_LOADER = "$(TEST_HOST)";
				CODE_SIGN_STYLE = Automatic;
				CURRENT_PROJECT_VERSION = 1;
				DEVELOPMENT_TEAM = 6JFDU3Q7CU;
				GENERATE_INFOPLIST_FILE = YES;
				IPHONEOS_DEPLOYMENT_TARGET = 26.0;
				MARKETING_VERSION = 1.0;
				PRODUCT_BUNDLE_IDENTIFIER = "com.beni.DrinkMate-AITests";
				PRODUCT_NAME = "$(TARGET_NAME)";
				STRING_CATALOG_GENERATE_SYMBOLS = NO;
				SWIFT_APPROACHABLE_CONCURRENCY = YES;
				SWIFT_EMIT_LOC_STRINGS = NO;
				SWIFT_UPCOMING_FEATURE_MEMBER_IMPORT_VISIBILITY = YES;
				SWIFT_VERSION = 5.0;
				TARGETED_DEVICE_FAMILY = "1,2";
				TEST_HOST = "$(BUILT_PRODUCTS_DIR)/DrinkMate AI.app/$(BUNDLE_EXECUTABLE_FOLDER_PATH)/DrinkMate AI";
			};
			name = Release;
		};
		F92854332F02DF7800AEB100 /* Debug */ = {
			isa = XCBuildConfiguration;
			buildSettings = {
				CODE_SIGN_STYLE = Automatic;
				CURRENT_PROJECT_VERSION = 1;
				DEVELOPMENT_TEAM = 6JFDU3Q7CU;
				GENERATE_INFOPLIST_FILE = YES;
				MARKETING_VERSION = 1.0;
				PRODUCT_BUNDLE_IDENTIFIER = "com.beni.DrinkMate-AIUITests";
				PRODUCT_NAME = "$(TARGET_NAME)";
				STRING_CATALOG_GENERATE_SYMBOLS = NO;
				SWIFT_APPROACHABLE_CONCURRENCY = YES;
				SWIFT_EMIT_LOC_STRINGS = NO;
				SWIFT_UPCOMING_FEATURE_MEMBER_IMPORT_VISIBILITY = YES;
				SWIFT_VERSION = 5.0;
				TARGETED_DEVICE_FAMILY = "1,2";
				TEST_TARGET_NAME = "DrinkMate AI";
			};
			name = Debug;
		};
		F92854342F02DF7800AEB100 /* Release */ = {
			isa = XCBuildConfiguration;
			buildSettings = {
				CODE_SIGN_STYLE = Automatic;
				CURRENT_PROJECT_VERSION = 1;
				DEVELOPMENT_TEAM = 6JFDU3Q7CU;
				GENERATE_INFOPLIST_FILE = YES;
				MARKETING_VERSION = 1.0;
				PRODUCT_BUNDLE_IDENTIFIER = "com.beni.DrinkMate-AIUITests";
				PRODUCT_NAME = "$(TARGET_NAME)";
				STRING_CATALOG_GENERATE_SYMBOLS = NO;
				SWIFT_APPROACHABLE_CONCURRENCY = YES;
				SWIFT_EMIT_LOC_STRINGS = NO;
				SWIFT_UPCOMING_FEATURE_MEMBER_IMPORT_VISIBILITY = YES;
				SWIFT_VERSION = 5.0;
				TARGETED_DEVICE_FAMILY = "1,2";
				TEST_TARGET_NAME = "DrinkMate AI";
			};
			name = Release;
		};
/* End XCBuildConfiguration section */

/* Begin XCConfigurationList section */
		F92854062F02DF7600AEB100 /* Build configuration list for PBXProject "DrinkMate AI" */ = {
			isa = XCConfigurationList;
			buildConfigurations = (
				F928542A2F02DF7800AEB100 /* Debug */,
				F928542B2F02DF7800AEB100 /* Release */,
			);
			defaultConfigurationIsVisible = 0;
			defaultConfigurationName = Release;
		};
		F928542C2F02DF7800AEB100 /* Build configuration list for PBXNativeTarget "DrinkMate AI" */ = {
			isa = XCConfigurationList;
			buildConfigurations = (
				F928542D2F02DF7800AEB100 /* Debug */,
				F928542E2F02DF7800AEB100 /* Release */,
			);
			defaultConfigurationIsVisible = 0;
			defaultConfigurationName = Release;
		};
		F928542F2F02DF7800AEB100 /* Build configuration list for PBXNativeTarget "DrinkMate AITests" */ = {
			isa = XCConfigurationList;
			buildConfigurations = (
				F92854302F02DF7800AEB100 /* Debug */,
				F92854312F02DF7800AEB100 /* Release */,
			);
			defaultConfigurationIsVisible = 0;
			defaultConfigurationName = Release;
		};
		F92854322F02DF7800AEB100 /* Build configuration list for PBXNativeTarget "DrinkMate AIUITests" */ = {
			isa = XCConfigurationList;
			buildConfigurations = (
				F92854332F02DF7800AEB100 /* Debug */,
				F92854342F02DF7800AEB100 /* Release */,
			);
			defaultConfigurationIsVisible = 0;
			defaultConfigurationName = Release;
		};
/* End XCConfigurationList section */

/* Begin XCRemoteSwiftPackageReference section */
		F9B83B822F034AE7003B0CB4 /* XCRemoteSwiftPackageReference "firebase-ios-sdk" */ = {
			isa = XCRemoteSwiftPackageReference;
			repositoryURL = "https://github.com/firebase/firebase-ios-sdk.git";
			requirement = {
				kind = upToNextMajorVersion;
				minimumVersion = 12.7.0;
			};
		};
/* End XCRemoteSwiftPackageReference section */

/* Begin XCSwiftPackageProductDependency section */
		F9B83B882F035EB6003B0CB4 /* FirebaseCore */ = {
			isa = XCSwiftPackageProductDependency;
			package = F9B83B822F034AE7003B0CB4 /* XCRemoteSwiftPackageReference "firebase-ios-sdk" */;
			productName = FirebaseCore;
		};
		F9B83B8A2F035EC1003B0CB4 /* FirebaseFirestore */ = {
			isa = XCSwiftPackageProductDependency;
			package = F9B83B822F034AE7003B0CB4 /* XCRemoteSwiftPackageReference "firebase-ios-sdk" */;
			productName = FirebaseFirestore;
		};
/* End XCSwiftPackageProductDependency section */
	};
	rootObject = F92854032F02DF7600AEB100 /* Project object */;
}
